// !$*UTF8*$!
{
	archiveVersion = 1;
	classes = {
	};
	objectVersion = 77;
	objects = {

/* Begin PBXContainerItemProxy section */
		CFF681472D5B2DF70074AAF3 /* PBXContainerItemProxy */ = {
			isa = PBXContainerItemProxy;
			containerPortal = CFF6812E2D5B2DF20074AAF3 /* Project object */;
			proxyType = 1;
			remoteGlobalIDString = CFF681352D5B2DF20074AAF3;
			remoteInfo = "First Timer";
		};
		CFF681512D5B2DF70074AAF3 /* PBXContainerItemProxy */ = {
			isa = PBXContainerItemProxy;
			containerPortal = CFF6812E2D5B2DF20074AAF3 /* Project object */;
			proxyType = 1;
			remoteGlobalIDString = CFF681352D5B2DF20074AAF3;
			remoteInfo = "First Timer";
		};
/* End PBXContainerItemProxy section */

/* Begin PBXFileReference section */
		CFF681362D5B2DF20074AAF3 /* First Timer.app */ = {isa = PBXFileReference; explicitFileType = wrapper.application; includeInIndex = 0; path = "First Timer.app"; sourceTree = BUILT_PRODUCTS_DIR; };
		CFF681462D5B2DF70074AAF3 /* First TimerTests.xctest */ = {isa = PBXFileReference; explicitFileType = wrapper.cfbundle; includeInIndex = 0; path = "First TimerTests.xctest"; sourceTree = BUILT_PRODUCTS_DIR; };
		CFF681502D5B2DF70074AAF3 /* First TimerUITests.xctest */ = {isa = PBXFileReference; explicitFileType = wrapper.cfbundle; includeInIndex = 0; path = "First TimerUITests.xctest"; sourceTree = BUILT_PRODUCTS_DIR; };
/* End PBXFileReference section */

/* Begin PBXFileSystemSynchronizedRootGroup section */
		CFF681382D5B2DF20074AAF3 /* First Timer */ = {
			isa = PBXFileSystemSynchronizedRootGroup;
			path = "First Timer";
			sourceTree = "<group>";
		};
		CFF681492D5B2DF70074AAF3 /* First TimerTests */ = {
			isa = PBXFileSystemSynchronizedRootGroup;
			path = "First TimerTests";
			sourceTree = "<group>";
		};
		CFF681532D5B2DF70074AAF3 /* First TimerUITests */ = {
			isa = PBXFileSystemSynchronizedRootGroup;
			path = "First TimerUITests";
			sourceTree = "<group>";
		};
/* End PBXFileSystemSynchronizedRootGroup section */

/* Begin PBXFrameworksBuildPhase section */
		CFF681332D5B2DF20074AAF3 /* Frameworks */ = {
			isa = PBXFrameworksBuildPhase;
			buildActionMask = 2147483647;
			files = (
			);
			runOnlyForDeploymentPostprocessing = 0;
		};
		CFF681432D5B2DF70074AAF3 /* Frameworks */ = {
			isa = PBXFrameworksBuildPhase;
			buildActionMask = 2147483647;
			files = (
			);
			runOnlyForDeploymentPostprocessing = 0;
		};
		CFF6814D2D5B2DF70074AAF3 /* Frameworks */ = {
			isa = PBXFrameworksBuildPhase;
			buildActionMask = 2147483647;
			files = (
			);
			runOnlyForDeploymentPostprocessing = 0;
		};
/* End PBXFrameworksBuildPhase section */

/* Begin PBXGroup section */
		CFF6812D2D5B2DF20074AAF3 = {
			isa = PBXGroup;
			children = (
				CFF681382D5B2DF20074AAF3 /* First Timer */,
				CFF681492D5B2DF70074AAF3 /* First TimerTests */,
				CFF681532D5B2DF70074AAF3 /* First TimerUITests */,
				CFF681372D5B2DF20074AAF3 /* Products */,
			);
			sourceTree = "<group>";
		};
		CFF681372D5B2DF20074AAF3 /* Products */ = {
			isa = PBXGroup;
			children = (
				CFF681362D5B2DF20074AAF3 /* First Timer.app */,
				CFF681462D5B2DF70074AAF3 /* First TimerTests.xctest */,
				CFF681502D5B2DF70074AAF3 /* First TimerUITests.xctest */,
			);
			name = Products;
			sourceTree = "<group>";
		};
/* End PBXGroup section */

/* Begin PBXNativeTarget section */
		CFF681352D5B2DF20074AAF3 /* First Timer */ = {
			isa = PBXNativeTarget;
			buildConfigurationList = CFF6815A2D5B2DF70074AAF3 /* Build configuration list for PBXNativeTarget "First Timer" */;
			buildPhases = (
				CFF681322D5B2DF20074AAF3 /* Sources */,
				CFF681332D5B2DF20074AAF3 /* Frameworks */,
				CFF681342D5B2DF20074AAF3 /* Resources */,
			);
			buildRules = (
			);
			dependencies = (
			);
			fileSystemSynchronizedGroups = (
				CFF681382D5B2DF20074AAF3 /* First Timer */,
			);
			name = "First Timer";
			packageProductDependencies = (
			);
			productName = "First Timer";
			productReference = CFF681362D5B2DF20074AAF3 /* First Timer.app */;
			productType = "com.apple.product-type.application";
		};
		CFF681452D5B2DF70074AAF3 /* First TimerTests */ = {
			isa = PBXNativeTarget;
			buildConfigurationList = CFF6815D2D5B2DF70074AAF3 /* Build configuration list for PBXNativeTarget "First TimerTests" */;
			buildPhases = (
				CFF681422D5B2DF70074AAF3 /* Sources */,
				CFF681432D5B2DF70074AAF3 /* Frameworks */,
				CFF681442D5B2DF70074AAF3 /* Resources */,
			);
			buildRules = (
			);
			dependencies = (
				CFF681482D5B2DF70074AAF3 /* PBXTargetDependency */,
			);
			fileSystemSynchronizedGroups = (
				CFF681492D5B2DF70074AAF3 /* First TimerTests */,
			);
			name = "First TimerTests";
			packageProductDependencies = (
			);
			productName = "First TimerTests";
			productReference = CFF681462D5B2DF70074AAF3 /* First TimerTests.xctest */;
			productType = "com.apple.product-type.bundle.unit-test";
		};
		CFF6814F2D5B2DF70074AAF3 /* First TimerUITests */ = {
			isa = PBXNativeTarget;
			buildConfigurationList = CFF681602D5B2DF70074AAF3 /* Build configuration list for PBXNativeTarget "First TimerUITests" */;
			buildPhases = (
				CFF6814C2D5B2DF70074AAF3 /* Sources */,
				CFF6814D2D5B2DF70074AAF3 /* Frameworks */,
				CFF6814E2D5B2DF70074AAF3 /* Resources */,
			);
			buildRules = (
			);
			dependencies = (
				CFF681522D5B2DF70074AAF3 /* PBXTargetDependency */,
			);
			fileSystemSynchronizedGroups = (
				CFF681532D5B2DF70074AAF3 /* First TimerUITests */,
			);
			name = "First TimerUITests";
			packageProductDependencies = (
			);
			productName = "First TimerUITests";
			productReference = CFF681502D5B2DF70074AAF3 /* First TimerUITests.xctest */;
			productType = "com.apple.product-type.bundle.ui-testing";
		};
/* End PBXNativeTarget section */

/* Begin PBXProject section */
		CFF6812E2D5B2DF20074AAF3 /* Project object */ = {
			isa = PBXProject;
			attributes = {
				BuildIndependentTargetsInParallel = 1;
				LastSwiftUpdateCheck = 1620;
				LastUpgradeCheck = 1620;
				TargetAttributes = {
					CFF681352D5B2DF20074AAF3 = {
						CreatedOnToolsVersion = 16.2;
					};
					CFF681452D5B2DF70074AAF3 = {
						CreatedOnToolsVersion = 16.2;
						TestTargetID = CFF681352D5B2DF20074AAF3;
					};
					CFF6814F2D5B2DF70074AAF3 = {
						CreatedOnToolsVersion = 16.2;
						TestTargetID = CFF681352D5B2DF20074AAF3;
					};
				};
			};
			buildConfigurationList = CFF681312D5B2DF20074AAF3 /* Build configuration list for PBXProject "First Timer" */;
			developmentRegion = en;
			hasScannedForEncodings = 0;
			knownRegions = (
				en,
				Base,
			);
			mainGroup = CFF6812D2D5B2DF20074AAF3;
			minimizedProjectReferenceProxies = 1;
			preferredProjectObjectVersion = 77;
			productRefGroup = CFF681372D5B2DF20074AAF3 /* Products */;
			projectDirPath = "";
			projectRoot = "";
			targets = (
				CFF681352D5B2DF20074AAF3 /* First Timer */,
				CFF681452D5B2DF70074AAF3 /* First TimerTests */,
				CFF6814F2D5B2DF70074AAF3 /* First TimerUITests */,
			);
		};
/* End PBXProject section */

/* Begin PBXResourcesBuildPhase section */
		CFF681342D5B2DF20074AAF3 /* Resources */ = {
			isa = PBXResourcesBuildPhase;
			buildActionMask = 2147483647;
			files = (
			);
			runOnlyForDeploymentPostprocessing = 0;
		};
		CFF681442D5B2DF70074AAF3 /* Resources */ = {
			isa = PBXResourcesBuildPhase;
			buildActionMask = 2147483647;
			files = (
			);
			runOnlyForDeploymentPostprocessing = 0;
		};
		CFF6814E2D5B2DF70074AAF3 /* Resources */ = {
			isa = PBXResourcesBuildPhase;
			buildActionMask = 2147483647;
			files = (
			);
			runOnlyForDeploymentPostprocessing = 0;
		};
/* End PBXResourcesBuildPhase section */

/* Begin PBXSourcesBuildPhase section */
		CFF681322D5B2DF20074AAF3 /* Sources */ = {
			isa = PBXSourcesBuildPhase;
			buildActionMask = 2147483647;
			files = (
			);
			runOnlyForDeploymentPostprocessing = 0;
		};
		CFF681422D5B2DF70074AAF3 /* Sources */ = {
			isa = PBXSourcesBuildPhase;
			buildActionMask = 2147483647;
			files = (
			);
			runOnlyForDeploymentPostprocessing = 0;
		};
		CFF6814C2D5B2DF70074AAF3 /* Sources */ = {
			isa = PBXSourcesBuildPhase;
			buildActionMask = 2147483647;
			files = (
			);
			runOnlyForDeploymentPostprocessing = 0;
		};
/* End PBXSourcesBuildPhase section */

/* Begin PBXTargetDependency section */
		CFF681482D5B2DF70074AAF3 /* PBXTargetDependency */ = {
			isa = PBXTargetDependency;
			target = CFF681352D5B2DF20074AAF3 /* First Timer */;
			targetProxy = CFF681472D5B2DF70074AAF3 /* PBXContainerItemProxy */;
		};
		CFF681522D5B2DF70074AAF3 /* PBXTargetDependency */ = {
			isa = PBXTargetDependency;
			target = CFF681352D5B2DF20074AAF3 /* First Timer */;
			targetProxy = CFF681512D5B2DF70074AAF3 /* PBXContainerItemProxy */;
		};
/* End PBXTargetDependency section */

/* Begin XCBuildConfiguration section */
		CFF681582D5B2DF70074AAF3 /* Debug */ = {
			isa = XCBuildConfiguration;
			buildSettings = {
				ALWAYS_SEARCH_USER_PATHS = NO;
				ASSETCATALOG_COMPILER_GENERATE_SWIFT_ASSET_SYMBOL_EXTENSIONS = YES;
				CLANG_ANALYZER_NONNULL = YES;
				CLANG_ANALYZER_NUMBER_OBJECT_CONVERSION = YES_AGGRESSIVE;
				CLANG_CXX_LANGUAGE_STANDARD = "gnu++20";
				CLANG_ENABLE_MODULES = YES;
				CLANG_ENABLE_OBJC_ARC = YES;
				CLANG_ENABLE_OBJC_WEAK = YES;
				CLANG_WARN_BLOCK_CAPTURE_AUTORELEASING = YES;
				CLANG_WARN_BOOL_CONVERSION = YES;
				CLANG_WARN_COMMA = YES;
				CLANG_WARN_CONSTANT_CONVERSION = YES;
				CLANG_WARN_DEPRECATED_OBJC_IMPLEMENTATIONS = YES;
				CLANG_WARN_DIRECT_OBJC_ISA_USAGE = YES_ERROR;
				CLANG_WARN_DOCUMENTATION_COMMENTS = YES;
				CLANG_WARN_EMPTY_BODY = YES;
				CLANG_WARN_ENUM_CONVERSION = YES;
				CLANG_WARN_INFINITE_RECURSION = YES;
				CLANG_WARN_INT_CONVERSION = YES;
				CLANG_WARN_NON_LITERAL_NULL_CONVERSION = YES;
				CLANG_WARN_OBJC_IMPLICIT_RETAIN_SELF = YES;
				CLANG_WARN_OBJC_LITERAL_CONVERSION = YES;
				CLANG_WARN_OBJC_ROOT_CLASS = YES_ERROR;
				CLANG_WARN_QUOTED_INCLUDE_IN_FRAMEWORK_HEADER = YES;
				CLANG_WARN_RANGE_LOOP_ANALYSIS = YES;
				CLANG_WARN_STRICT_PROTOTYPES = YES;
				CLANG_WARN_SUSPICIOUS_MOVE = YES;
				CLANG_WARN_UNGUARDED_AVAILABILITY = YES_AGGRESSIVE;
				CLANG_WARN_UNREACHABLE_CODE = YES;
				CLANG_WARN__DUPLICATE_METHOD_MATCH = YES;
				COPY_PHASE_STRIP = NO;
				DEBUG_INFORMATION_FORMAT = dwarf;
				ENABLE_STRICT_OBJC_MSGSEND = YES;
				ENABLE_TESTABILITY = YES;
				ENABLE_USER_SCRIPT_SANDBOXING = YES;
				GCC_C_LANGUAGE_STANDARD = gnu17;
				GCC_DYNAMIC_NO_PIC = NO;
				GCC_NO_COMMON_BLOCKS = YES;
				GCC_OPTIMIZATION_LEVEL = 0;
				GCC_PREPROCESSOR_DEFINITIONS = (
					"DEBUG=1",
					"$(inherited)",
				);
				GCC_WARN_64_TO_32_BIT_CONVERSION = YES;
				GCC_WARN_ABOUT_RETURN_TYPE = YES_ERROR;
				GCC_WARN_UNDECLARED_SELECTOR = YES;
				GCC_WARN_UNINITIALIZED_AUTOS = YES_AGGRESSIVE;
				GCC_WARN_UNUSED_FUNCTION = YES;
				GCC_WARN_UNUSED_VARIABLE = YES;
				IPHONEOS_DEPLOYMENT_TARGET = 18.2;
				LOCALIZATION_PREFERS_STRING_CATALOGS = YES;
				MTL_ENABLE_DEBUG_INFO = INCLUDE_SOURCE;
				MTL_FAST_MATH = YES;
				ONLY_ACTIVE_ARCH = YES;
				SDKROOT = iphoneos;
				SWIFT_ACTIVE_COMPILATION_CONDITIONS = "DEBUG $(inherited)";
				SWIFT_OPTIMIZATION_LEVEL = "-Onone";
			};
			name = Debug;
		};
		CFF681592D5B2DF70074AAF3 /* Release */ = {
			isa = XCBuildConfiguration;
			buildSettings = {
				ALWAYS_SEARCH_USER_PATHS = NO;
				ASSETCATALOG_COMPILER_GENERATE_SWIFT_ASSET_SYMBOL_EXTENSIONS = YES;
				CLANG_ANALYZER_NONNULL = YES;
				CLANG_ANALYZER_NUMBER_OBJECT_CONVERSION = YES_AGGRESSIVE;
				CLANG_CXX_LANGUAGE_STANDARD = "gnu++20";
				CLANG_ENABLE_MODULES = YES;
				CLANG_ENABLE_OBJC_ARC = YES;
				CLANG_ENABLE_OBJC_WEAK = YES;
				CLANG_WARN_BLOCK_CAPTURE_AUTORELEASING = YES;
				CLANG_WARN_BOOL_CONVERSION = YES;
				CLANG_WARN_COMMA = YES;
				CLANG_WARN_CONSTANT_CONVERSION = YES;
				CLANG_WARN_DEPRECATED_OBJC_IMPLEMENTATIONS = YES;
				CLANG_WARN_DIRECT_OBJC_ISA_USAGE = YES_ERROR;
				CLANG_WARN_DOCUMENTATION_COMMENTS = YES;
				CLANG_WARN_EMPTY_BODY = YES;
				CLANG_WARN_ENUM_CONVERSION = YES;
				CLANG_WARN_INFINITE_RECURSION = YES;
				CLANG_WARN_INT_CONVERSION = YES;
				CLANG_WARN_NON_LITERAL_NULL_CONVERSION = YES;
				CLANG_WARN_OBJC_IMPLICIT_RETAIN_SELF = YES;
				CLANG_WARN_OBJC_LITERAL_CONVERSION = YES;
				CLANG_WARN_OBJC_ROOT_CLASS = YES_ERROR;
				CLANG_WARN_QUOTED_INCLUDE_IN_FRAMEWORK_HEADER = YES;
				CLANG_WARN_RANGE_LOOP_ANALYSIS = YES;
				CLANG_WARN_STRICT_PROTOTYPES = YES;
				CLANG_WARN_SUSPICIOUS_MOVE = YES;
				CLANG_WARN_UNGUARDED_AVAILABILITY = YES_AGGRESSIVE;
				CLANG_WARN_UNREACHABLE_CODE = YES;
				CLANG_WARN__DUPLICATE_METHOD_MATCH = YES;
				COPY_PHASE_STRIP = NO;
				DEBUG_INFORMATION_FORMAT = "dwarf-with-dsym";
				ENABLE_NS_ASSERTIONS = NO;
				ENABLE_STRICT_OBJC_MSGSEND = YES;
				ENABLE_USER_SCRIPT_SANDBOXING = YES;
				GCC_C_LANGUAGE_STANDARD = gnu17;
				GCC_NO_COMMON_BLOCKS = YES;
				GCC_WARN_64_TO_32_BIT_CONVERSION = YES;
				GCC_WARN_ABOUT_RETURN_TYPE = YES_ERROR;
				GCC_WARN_UNDECLARED_SELECTOR = YES;
				GCC_WARN_UNINITIALIZED_AUTOS = YES_AGGRESSIVE;
				GCC_WARN_UNUSED_FUNCTION = YES;
				GCC_WARN_UNUSED_VARIABLE = YES;
				IPHONEOS_DEPLOYMENT_TARGET = 18.2;
				LOCALIZATION_PREFERS_STRING_CATALOGS = YES;
				MTL_ENABLE_DEBUG_INFO = NO;
				MTL_FAST_MATH = YES;
				SDKROOT = iphoneos;
				SWIFT_COMPILATION_MODE = wholemodule;
				VALIDATE_PRODUCT = YES;
			};
			name = Release;
		};
		CFF6815B2D5B2DF70074AAF3 /* Debug */ = {
			isa = XCBuildConfiguration;
			buildSettings = {
				ASSETCATALOG_COMPILER_APPICON_NAME = AppIcon;
				ASSETCATALOG_COMPILER_GLOBAL_ACCENT_COLOR_NAME = AccentColor;
				CODE_SIGN_STYLE = Automatic;
				CURRENT_PROJECT_VERSION = 1;
				DEVELOPMENT_ASSET_PATHS = "\"First Timer/Preview Content\"";
				DEVELOPMENT_TEAM = VVJU74U8TN;
				ENABLE_PREVIEWS = YES;
				GENERATE_INFOPLIST_FILE = YES;
				INFOPLIST_KEY_UIApplicationSceneManifest_Generation = YES;
				INFOPLIST_KEY_UIApplicationSupportsIndirectInputEvents = YES;
				INFOPLIST_KEY_UILaunchScreen_Generation = YES;
				INFOPLIST_KEY_UISupportedInterfaceOrientations_iPad = "UIInterfaceOrientationPortrait UIInterfaceOrientationPortraitUpsideDown UIInterfaceOrientationLandscapeLeft UIInterfaceOrientationLandscapeRight";
				INFOPLIST_KEY_UISupportedInterfaceOrientations_iPhone = "UIInterfaceOrientationPortrait UIInterfaceOrientationLandscapeLeft UIInterfaceOrientationLandscapeRight";
				LD_RUNPATH_SEARCH_PATHS = (
					"$(inherited)",
					"@executable_path/Frameworks",
				);
				MARKETING_VERSION = 1.0;
				PRODUCT_BUNDLE_IDENTIFIER = "com.vnydl-firstProj.First-Timer";
				PRODUCT_NAME = "$(TARGET_NAME)";
				SWIFT_EMIT_LOC_STRINGS = YES;
				SWIFT_VERSION = 5.0;
				TARGETED_DEVICE_FAMILY = "1,2";
			};
			name = Debug;
		};
		CFF6815C2D5B2DF70074AAF3 /* Release */ = {
			isa = XCBuildConfiguration;
			buildSettings = {
				ASSETCATALOG_COMPILER_APPICON_NAME = AppIcon;
				ASSETCATALOG_COMPILER_GLOBAL_ACCENT_COLOR_NAME = AccentColor;
				CODE_SIGN_STYLE = Automatic;
				CURRENT_PROJECT_VERSION = 1;
				DEVELOPMENT_ASSET_PATHS = "\"First Timer/Preview Content\"";
				DEVELOPMENT_TEAM = VVJU74U8TN;
				ENABLE_PREVIEWS = YES;
				GENERATE_INFOPLIST_FILE = YES;
				INFOPLIST_KEY_UIApplicationSceneManifest_Generation = YES;
				INFOPLIST_KEY_UIApplicationSupportsIndirectInputEvents = YES;
				INFOPLIST_KEY_UILaunchScreen_Generation = YES;
				INFOPLIST_KEY_UISupportedInterfaceOrientations_iPad = "UIInterfaceOrientationPortrait UIInterfaceOrientationPortraitUpsideDown UIInterfaceOrientationLandscapeLeft UIInterfaceOrientationLandscapeRight";
				INFOPLIST_KEY_UISupportedInterfaceOrientations_iPhone = "UIInterfaceOrientationPortrait UIInterfaceOrientationLandscapeLeft UIInterfaceOrientationLandscapeRight";
				LD_RUNPATH_SEARCH_PATHS = (
					"$(inherited)",
					"@executable_path/Frameworks",
				);
				MARKETING_VERSION = 1.0;
				PRODUCT_BUNDLE_IDENTIFIER = "com.vnydl-firstProj.First-Timer";
				PRODUCT_NAME = "$(TARGET_NAME)";
				SWIFT_EMIT_LOC_STRINGS = YES;
				SWIFT_VERSION = 5.0;
				TARGETED_DEVICE_FAMILY = "1,2";
			};
			name = Release;
		};
		CFF6815E2D5B2DF70074AAF3 /* Debug */ = {
			isa = XCBuildConfiguration;
			buildSettings = {
				BUNDLE_LOADER = "$(TEST_HOST)";
				CODE_SIGN_STYLE = Automatic;
				CURRENT_PROJECT_VERSION = 1;
				DEVELOPMENT_TEAM = VVJU74U8TN;
				GENERATE_INFOPLIST_FILE = YES;
				IPHONEOS_DEPLOYMENT_TARGET = 18.2;
				MARKETING_VERSION = 1.0;
				PRODUCT_BUNDLE_IDENTIFIER = "com.vnydl-firstProj.First-TimerTests";
				PRODUCT_NAME = "$(TARGET_NAME)";
				SWIFT_EMIT_LOC_STRINGS = NO;
				SWIFT_VERSION = 5.0;
				TARGETED_DEVICE_FAMILY = "1,2";
				TEST_HOST = "$(BUILT_PRODUCTS_DIR)/First Timer.app/$(BUNDLE_EXECUTABLE_FOLDER_PATH)/First Timer";
			};
			name = Debug;
		};
		CFF6815F2D5B2DF70074AAF3 /* Release */ = {
			isa = XCBuildConfiguration;
			buildSettings = {
				BUNDLE_LOADER = "$(TEST_HOST)";
				CODE_SIGN_STYLE = Automatic;
				CURRENT_PROJECT_VERSION = 1;
				DEVELOPMENT_TEAM = VVJU74U8TN;
				GENERATE_INFOPLIST_FILE = YES;
				IPHONEOS_DEPLOYMENT_TARGET = 18.2;
				MARKETING_VERSION = 1.0;
				PRODUCT_BUNDLE_IDENTIFIER = "com.vnydl-firstProj.First-TimerTests";
				PRODUCT_NAME = "$(TARGET_NAME)";
				SWIFT_EMIT_LOC_STRINGS = NO;
				SWIFT_VERSION = 5.0;
				TARGETED_DEVICE_FAMILY = "1,2";
				TEST_HOST = "$(BUILT_PRODUCTS_DIR)/First Timer.app/$(BUNDLE_EXECUTABLE_FOLDER_PATH)/First Timer";
			};
			name = Release;
		};
		CFF681612D5B2DF70074AAF3 /* Debug */ = {
			isa = XCBuildConfiguration;
			buildSettings = {
				CODE_SIGN_STYLE = Automatic;
				CURRENT_PROJECT_VERSION = 1;
				DEVELOPMENT_TEAM = VVJU74U8TN;
				GENERATE_INFOPLIST_FILE = YES;
				MARKETING_VERSION = 1.0;
				PRODUCT_BUNDLE_IDENTIFIER = "com.vnydl-firstProj.First-TimerUITests";
				PRODUCT_NAME = "$(TARGET_NAME)";
				SWIFT_EMIT_LOC_STRINGS = NO;
				SWIFT_VERSION = 5.0;
				TARGETED_DEVICE_FAMILY = "1,2";
				TEST_TARGET_NAME = "First Timer";
			};
			name = Debug;
		};
		CFF681622D5B2DF70074AAF3 /* Release */ = {
			isa = XCBuildConfiguration;
			buildSettings = {
				CODE_SIGN_STYLE = Automatic;
				CURRENT_PROJECT_VERSION = 1;
				DEVELOPMENT_TEAM = VVJU74U8TN;
				GENERATE_INFOPLIST_FILE = YES;
				MARKETING_VERSION = 1.0;
				PRODUCT_BUNDLE_IDENTIFIER = "com.vnydl-firstProj.First-TimerUITests";
				PRODUCT_NAME = "$(TARGET_NAME)";
				SWIFT_EMIT_LOC_STRINGS = NO;
				SWIFT_VERSION = 5.0;
				TARGETED_DEVICE_FAMILY = "1,2";
				TEST_TARGET_NAME = "First Timer";
			};
			name = Release;
		};
/* End XCBuildConfiguration section */

/* Begin XCConfigurationList section */
		CFF681312D5B2DF20074AAF3 /* Build configuration list for PBXProject "First Timer" */ = {
			isa = XCConfigurationList;
			buildConfigurations = (
				CFF681582D5B2DF70074AAF3 /* Debug */,
				CFF681592D5B2DF70074AAF3 /* Release */,
			);
			defaultConfigurationIsVisible = 0;
			defaultConfigurationName = Release;
		};
		CFF6815A2D5B2DF70074AAF3 /* Build configuration list for PBXNativeTarget "First Timer" */ = {
			isa = XCConfigurationList;
			buildConfigurations = (
				CFF6815B2D5B2DF70074AAF3 /* Debug */,
				CFF6815C2D5B2DF70074AAF3 /* Release */,
			);
			defaultConfigurationIsVisible = 0;
			defaultConfigurationName = Release;
		};
		CFF6815D2D5B2DF70074AAF3 /* Build configuration list for PBXNativeTarget "First TimerTests" */ = {
			isa = XCConfigurationList;
			buildConfigurations = (
				CFF6815E2D5B2DF70074AAF3 /* Debug */,
				CFF6815F2D5B2DF70074AAF3 /* Release */,
			);
			defaultConfigurationIsVisible = 0;
			defaultConfigurationName = Release;
		};
		CFF681602D5B2DF70074AAF3 /* Build configuration list for PBXNativeTarget "First TimerUITests" */ = {
			isa = XCConfigurationList;
			buildConfigurations = (
				CFF681612D5B2DF70074AAF3 /* Debug */,
				CFF681622D5B2DF70074AAF3 /* Release */,
			);
			defaultConfigurationIsVisible = 0;
			defaultConfigurationName = Release;
		};
/* End XCConfigurationList section */
	};
	rootObject = CFF6812E2D5B2DF20074AAF3 /* Project object */;
}
